// !$*UTF8*$!
{
	archiveVersion = 1;
	classes = {
	};
	objectVersion = 56;
	objects = {

/* Begin PBXBuildFile section */
		3521E1DA2A1DF70E00DF859F /*  CoreDataManager.swift in Sources */ = {isa = PBXBuildFile; fileRef = 3521E1D92A1DF70E00DF859F /*  CoreDataManager.swift */; };
		3521E1DC2A1DFB0200DF859F /* DailyHistoryView.swift in Sources */ = {isa = PBXBuildFile; fileRef = 3521E1DB2A1DFB0200DF859F /* DailyHistoryView.swift */; };
		3521E1E42A1F4F2B00DF859F /* KomikView.swift in Sources */ = {isa = PBXBuildFile; fileRef = 3521E1E32A1F4F2B00DF859F /* KomikView.swift */; };
		3521E1E62A1F4F5A00DF859F /* SplashScreenView.swift in Sources */ = {isa = PBXBuildFile; fileRef = 3521E1E52A1F4F5A00DF859F /* SplashScreenView.swift */; };
		35472F762A1FD60F005CE353 /* BackgroundMusic.swift in Sources */ = {isa = PBXBuildFile; fileRef = 35472F752A1FD60E005CE353 /* BackgroundMusic.swift */; };
		35C1D3332A1B4BB4005B7184 /* TakoWalkAminApp.swift in Sources */ = {isa = PBXBuildFile; fileRef = 35C1D3322A1B4BB4005B7184 /* TakoWalkAminApp.swift */; };
		35C1D3352A1B4BB4005B7184 /* ContentView.swift in Sources */ = {isa = PBXBuildFile; fileRef = 35C1D3342A1B4BB4005B7184 /* ContentView.swift */; };
		35C1D3372A1B4BB5005B7184 /* Assets.xcassets in Resources */ = {isa = PBXBuildFile; fileRef = 35C1D3362A1B4BB5005B7184 /* Assets.xcassets */; };
		35C1D33A2A1B4BB5005B7184 /* Preview Assets.xcassets in Resources */ = {isa = PBXBuildFile; fileRef = 35C1D3392A1B4BB5005B7184 /* Preview Assets.xcassets */; };
		35C1D33C2A1B4BB5005B7184 /* Persistence.swift in Sources */ = {isa = PBXBuildFile; fileRef = 35C1D33B2A1B4BB5005B7184 /* Persistence.swift */; };
		35C1D33F2A1B4BB5005B7184 /* TakoWalkAmin.xcdatamodeld in Sources */ = {isa = PBXBuildFile; fileRef = 35C1D33D2A1B4BB5005B7184 /* TakoWalkAmin.xcdatamodeld */; };
		35C1D3462A1B4C34005B7184 /* InGameView.swift in Sources */ = {isa = PBXBuildFile; fileRef = 35C1D3452A1B4C34005B7184 /* InGameView.swift */; };
		35C1D3482A1B688F005B7184 /* TokoView.swift in Sources */ = {isa = PBXBuildFile; fileRef = 35C1D3472A1B688F005B7184 /* TokoView.swift */; };
		35C1D3532A1C5C51005B7184 /* HealthKitViewModel.swift in Sources */ = {isa = PBXBuildFile; fileRef = 35C1D3522A1C5C51005B7184 /* HealthKitViewModel.swift */; };
		35C1D3552A1C5E27005B7184 /* HealthKitManager.swift in Sources */ = {isa = PBXBuildFile; fileRef = 35C1D3542A1C5E27005B7184 /* HealthKitManager.swift */; };
/* End PBXBuildFile section */

/* Begin PBXFileReference section */
		3521E1D92A1DF70E00DF859F /*  CoreDataManager.swift */ = {isa = PBXFileReference; lastKnownFileType = sourcecode.swift; path = " CoreDataManager.swift"; sourceTree = "<group>"; };
		3521E1DB2A1DFB0200DF859F /* DailyHistoryView.swift */ = {isa = PBXFileReference; lastKnownFileType = sourcecode.swift; path = DailyHistoryView.swift; sourceTree = "<group>"; };
		3521E1E32A1F4F2B00DF859F /* KomikView.swift */ = {isa = PBXFileReference; lastKnownFileType = sourcecode.swift; path = KomikView.swift; sourceTree = "<group>"; };
		3521E1E52A1F4F5A00DF859F /* SplashScreenView.swift */ = {isa = PBXFileReference; lastKnownFileType = sourcecode.swift; path = SplashScreenView.swift; sourceTree = "<group>"; };
		35472F752A1FD60E005CE353 /* BackgroundMusic.swift */ = {isa = PBXFileReference; lastKnownFileType = sourcecode.swift; path = BackgroundMusic.swift; sourceTree = "<group>"; };
		35C1D32F2A1B4BB4005B7184 /* TakoWalkAmin.app */ = {isa = PBXFileReference; explicitFileType = wrapper.application; includeInIndex = 0; path = TakoWalkAmin.app; sourceTree = BUILT_PRODUCTS_DIR; };
		35C1D3322A1B4BB4005B7184 /* TakoWalkAminApp.swift */ = {isa = PBXFileReference; lastKnownFileType = sourcecode.swift; path = TakoWalkAminApp.swift; sourceTree = "<group>"; };
		35C1D3342A1B4BB4005B7184 /* ContentView.swift */ = {isa = PBXFileReference; lastKnownFileType = sourcecode.swift; path = ContentView.swift; sourceTree = "<group>"; };
		35C1D3362A1B4BB5005B7184 /* Assets.xcassets */ = {isa = PBXFileReference; lastKnownFileType = folder.assetcatalog; path = Assets.xcassets; sourceTree = "<group>"; };
		35C1D3392A1B4BB5005B7184 /* Preview Assets.xcassets */ = {isa = PBXFileReference; lastKnownFileType = folder.assetcatalog; path = "Preview Assets.xcassets"; sourceTree = "<group>"; };
		35C1D33B2A1B4BB5005B7184 /* Persistence.swift */ = {isa = PBXFileReference; lastKnownFileType = sourcecode.swift; path = Persistence.swift; sourceTree = "<group>"; };
		35C1D33E2A1B4BB5005B7184 /* TakoWalkAmin.xcdatamodel */ = {isa = PBXFileReference; lastKnownFileType = wrapper.xcdatamodel; path = TakoWalkAmin.xcdatamodel; sourceTree = "<group>"; };
		35C1D3452A1B4C34005B7184 /* InGameView.swift */ = {isa = PBXFileReference; lastKnownFileType = sourcecode.swift; path = InGameView.swift; sourceTree = "<group>"; };
		35C1D3472A1B688F005B7184 /* TokoView.swift */ = {isa = PBXFileReference; lastKnownFileType = sourcecode.swift; path = TokoView.swift; sourceTree = "<group>"; };
		35C1D34B2A1B82B1005B7184 /* TakoWalkAmin.entitlements */ = {isa = PBXFileReference; lastKnownFileType = text.plist.entitlements; path = TakoWalkAmin.entitlements; sourceTree = "<group>"; };
		35C1D3522A1C5C51005B7184 /* HealthKitViewModel.swift */ = {isa = PBXFileReference; lastKnownFileType = sourcecode.swift; name = HealthKitViewModel.swift; path = ../HealthKitViewModel.swift; sourceTree = "<group>"; };
		35C1D3542A1C5E27005B7184 /* HealthKitManager.swift */ = {isa = PBXFileReference; lastKnownFileType = sourcecode.swift; path = HealthKitManager.swift; sourceTree = "<group>"; };
/* End PBXFileReference section */

/* Begin PBXFrameworksBuildPhase section */
		35C1D32C2A1B4BB4005B7184 /* Frameworks */ = {
			isa = PBXFrameworksBuildPhase;
			buildActionMask = 2147483647;
			files = (
			);
			runOnlyForDeploymentPostprocessing = 0;
		};
/* End PBXFrameworksBuildPhase section */

/* Begin PBXGroup section */
		3521E1D52A1DF63300DF859F /* CoreData */ = {
			isa = PBXGroup;
			children = (
				35C1D33D2A1B4BB5005B7184 /* TakoWalkAmin.xcdatamodeld */,
				3521E1D92A1DF70E00DF859F /*  CoreDataManager.swift */,
			);
			path = CoreData;
			sourceTree = "<group>";
		};
		35C1D3262A1B4BB4005B7184 = {
			isa = PBXGroup;
			children = (
				35C1D3312A1B4BB4005B7184 /* TakoWalkAmin */,
				35C1D3302A1B4BB4005B7184 /* Products */,
			);
			sourceTree = "<group>";
		};
		35C1D3302A1B4BB4005B7184 /* Products */ = {
			isa = PBXGroup;
			children = (
				35C1D32F2A1B4BB4005B7184 /* TakoWalkAmin.app */,
			);
			name = Products;
			sourceTree = "<group>";
		};
		35C1D3312A1B4BB4005B7184 /* TakoWalkAmin */ = {
			isa = PBXGroup;
			children = (
				3521E1D52A1DF63300DF859F /* CoreData */,
				35472F752A1FD60E005CE353 /* BackgroundMusic.swift */,
				3521E1E52A1F4F5A00DF859F /* SplashScreenView.swift */,
				3521E1E32A1F4F2B00DF859F /* KomikView.swift */,
				35C1D3522A1C5C51005B7184 /* HealthKitViewModel.swift */,
				35C1D3542A1C5E27005B7184 /* HealthKitManager.swift */,
				3521E1DB2A1DFB0200DF859F /* DailyHistoryView.swift */,
				35C1D34B2A1B82B1005B7184 /* TakoWalkAmin.entitlements */,
				35C1D3472A1B688F005B7184 /* TokoView.swift */,
				35C1D3452A1B4C34005B7184 /* InGameView.swift */,
				35C1D3322A1B4BB4005B7184 /* TakoWalkAminApp.swift */,
				35C1D3342A1B4BB4005B7184 /* ContentView.swift */,
				35C1D3362A1B4BB5005B7184 /* Assets.xcassets */,
				35C1D33B2A1B4BB5005B7184 /* Persistence.swift */,
				35C1D3382A1B4BB5005B7184 /* Preview Content */,
			);
			path = TakoWalkAmin;
			sourceTree = "<group>";
		};
		35C1D3382A1B4BB5005B7184 /* Preview Content */ = {
			isa = PBXGroup;
			children = (
				35C1D3392A1B4BB5005B7184 /* Preview Assets.xcassets */,
			);
			path = "Preview Content";
			sourceTree = "<group>";
		};
/* End PBXGroup section */

/* Begin PBXNativeTarget section */
		35C1D32E2A1B4BB4005B7184 /* TakoWalkAmin */ = {
			isa = PBXNativeTarget;
			buildConfigurationList = 35C1D3422A1B4BB5005B7184 /* Build configuration list for PBXNativeTarget "TakoWalkAmin" */;
			buildPhases = (
				35C1D32B2A1B4BB4005B7184 /* Sources */,
				35C1D32C2A1B4BB4005B7184 /* Frameworks */,
				35C1D32D2A1B4BB4005B7184 /* Resources */,
			);
			buildRules = (
			);
			dependencies = (
			);
			name = TakoWalkAmin;
			productName = TakoWalkAmin;
			productReference = 35C1D32F2A1B4BB4005B7184 /* TakoWalkAmin.app */;
			productType = "com.apple.product-type.application";
		};
/* End PBXNativeTarget section */

/* Begin PBXProject section */
		35C1D3272A1B4BB4005B7184 /* Project object */ = {
			isa = PBXProject;
			attributes = {
				BuildIndependentTargetsInParallel = 1;
				LastSwiftUpdateCheck = 1430;
				LastUpgradeCheck = 1430;
				TargetAttributes = {
					35C1D32E2A1B4BB4005B7184 = {
						CreatedOnToolsVersion = 14.3;
					};
				};
			};
			buildConfigurationList = 35C1D32A2A1B4BB4005B7184 /* Build configuration list for PBXProject "TakoWalkAmin" */;
			compatibilityVersion = "Xcode 14.0";
			developmentRegion = en;
			hasScannedForEncodings = 0;
			knownRegions = (
				en,
				Base,
			);
			mainGroup = 35C1D3262A1B4BB4005B7184;
			productRefGroup = 35C1D3302A1B4BB4005B7184 /* Products */;
			projectDirPath = "";
			projectRoot = "";
			targets = (
				35C1D32E2A1B4BB4005B7184 /* TakoWalkAmin */,
			);
		};
/* End PBXProject section */

/* Begin PBXResourcesBuildPhase section */
		35C1D32D2A1B4BB4005B7184 /* Resources */ = {
			isa = PBXResourcesBuildPhase;
			buildActionMask = 2147483647;
			files = (
				35C1D33A2A1B4BB5005B7184 /* Preview Assets.xcassets in Resources */,
				35C1D3372A1B4BB5005B7184 /* Assets.xcassets in Resources */,
			);
			runOnlyForDeploymentPostprocessing = 0;
		};
/* End PBXResourcesBuildPhase section */

/* Begin PBXSourcesBuildPhase section */
		35C1D32B2A1B4BB4005B7184 /* Sources */ = {
			isa = PBXSourcesBuildPhase;
			buildActionMask = 2147483647;
			files = (
				35C1D33F2A1B4BB5005B7184 /* TakoWalkAmin.xcdatamodeld in Sources */,
				35C1D3482A1B688F005B7184 /* TokoView.swift in Sources */,
				35C1D3532A1C5C51005B7184 /* HealthKitViewModel.swift in Sources */,
				35C1D33C2A1B4BB5005B7184 /* Persistence.swift in Sources */,
				35C1D3462A1B4C34005B7184 /* InGameView.swift in Sources */,
				3521E1E42A1F4F2B00DF859F /* KomikView.swift in Sources */,
				35C1D3352A1B4BB4005B7184 /* ContentView.swift in Sources */,
				3521E1DC2A1DFB0200DF859F /* DailyHistoryView.swift in Sources */,
				3521E1DA2A1DF70E00DF859F /*  CoreDataManager.swift in Sources */,
				35C1D3332A1B4BB4005B7184 /* TakoWalkAminApp.swift in Sources */,
				35C1D3552A1C5E27005B7184 /* HealthKitManager.swift in Sources */,
				3521E1E62A1F4F5A00DF859F /* SplashScreenView.swift in Sources */,
				35472F762A1FD60F005CE353 /* BackgroundMusic.swift in Sources */,
			);
			runOnlyForDeploymentPostprocessing = 0;
		};
/* End PBXSourcesBuildPhase section */

/* Begin XCBuildConfiguration section */
		35C1D3402A1B4BB5005B7184 /* Debug */ = {
			isa = XCBuildConfiguration;
			buildSettings = {
				ALWAYS_SEARCH_USER_PATHS = NO;
				CLANG_ANALYZER_NONNULL = YES;
				CLANG_ANALYZER_NUMBER_OBJECT_CONVERSION = YES_AGGRESSIVE;
				CLANG_CXX_LANGUAGE_STANDARD = "gnu++20";
				CLANG_ENABLE_MODULES = YES;
				CLANG_ENABLE_OBJC_ARC = YES;
				CLANG_ENABLE_OBJC_WEAK = YES;
				CLANG_WARN_BLOCK_CAPTURE_AUTORELEASING = YES;
				CLANG_WARN_BOOL_CONVERSION = YES;
				CLANG_WARN_COMMA = YES;
				CLANG_WARN_CONSTANT_CONVERSION = YES;
				CLANG_WARN_DEPRECATED_OBJC_IMPLEMENTATIONS = YES;
				CLANG_WARN_DIRECT_OBJC_ISA_USAGE = YES_ERROR;
				CLANG_WARN_DOCUMENTATION_COMMENTS = YES;
				CLANG_WARN_EMPTY_BODY = YES;
				CLANG_WARN_ENUM_CONVERSION = YES;
				CLANG_WARN_INFINITE_RECURSION = YES;
				CLANG_WARN_INT_CONVERSION = YES;
				CLANG_WARN_NON_LITERAL_NULL_CONVERSION = YES;
				CLANG_WARN_OBJC_IMPLICIT_RETAIN_SELF = YES;
				CLANG_WARN_OBJC_LITERAL_CONVERSION = YES;
				CLANG_WARN_OBJC_ROOT_CLASS = YES_ERROR;
				CLANG_WARN_QUOTED_INCLUDE_IN_FRAMEWORK_HEADER = YES;
				CLANG_WARN_RANGE_LOOP_ANALYSIS = YES;
				CLANG_WARN_STRICT_PROTOTYPES = YES;
				CLANG_WARN_SUSPICIOUS_MOVE = YES;
				CLANG_WARN_UNGUARDED_AVAILABILITY = YES_AGGRESSIVE;
				CLANG_WARN_UNREACHABLE_CODE = YES;
				CLANG_WARN__DUPLICATE_METHOD_MATCH = YES;
				COPY_PHASE_STRIP = NO;
				DEBUG_INFORMATION_FORMAT = dwarf;
				ENABLE_STRICT_OBJC_MSGSEND = YES;
				ENABLE_TESTABILITY = YES;
				GCC_C_LANGUAGE_STANDARD = gnu11;
				GCC_DYNAMIC_NO_PIC = NO;
				GCC_NO_COMMON_BLOCKS = YES;
				GCC_OPTIMIZATION_LEVEL = 0;
				GCC_PREPROCESSOR_DEFINITIONS = (
					"DEBUG=1",
					"$(inherited)",
				);
				GCC_WARN_64_TO_32_BIT_CONVERSION = YES;
				GCC_WARN_ABOUT_RETURN_TYPE = YES_ERROR;
				GCC_WARN_UNDECLARED_SELECTOR = YES;
				GCC_WARN_UNINITIALIZED_AUTOS = YES_AGGRESSIVE;
				GCC_WARN_UNUSED_FUNCTION = YES;
				GCC_WARN_UNUSED_VARIABLE = YES;
				IPHONEOS_DEPLOYMENT_TARGET = 16.4;
				MTL_ENABLE_DEBUG_INFO = INCLUDE_SOURCE;
				MTL_FAST_MATH = YES;
				ONLY_ACTIVE_ARCH = YES;
				SDKROOT = iphoneos;
				SWIFT_ACTIVE_COMPILATION_CONDITIONS = DEBUG;
				SWIFT_OPTIMIZATION_LEVEL = "-Onone";
			};
			name = Debug;
		};
		35C1D3412A1B4BB5005B7184 /* Release */ = {
			isa = XCBuildConfiguration;
			buildSettings = {
				ALWAYS_SEARCH_USER_PATHS = NO;
				CLANG_ANALYZER_NONNULL = YES;
				CLANG_ANALYZER_NUMBER_OBJECT_CONVERSION = YES_AGGRESSIVE;
				CLANG_CXX_LANGUAGE_STANDARD = "gnu++20";
				CLANG_ENABLE_MODULES = YES;
				CLANG_ENABLE_OBJC_ARC = YES;
				CLANG_ENABLE_OBJC_WEAK = YES;
				CLANG_WARN_BLOCK_CAPTURE_AUTORELEASING = YES;
				CLANG_WARN_BOOL_CONVERSION = YES;
				CLANG_WARN_COMMA = YES;
				CLANG_WARN_CONSTANT_CONVERSION = YES;
				CLANG_WARN_DEPRECATED_OBJC_IMPLEMENTATIONS = YES;
				CLANG_WARN_DIRECT_OBJC_ISA_USAGE = YES_ERROR;
				CLANG_WARN_DOCUMENTATION_COMMENTS = YES;
				CLANG_WARN_EMPTY_BODY = YES;
				CLANG_WARN_ENUM_CONVERSION = YES;
				CLANG_WARN_INFINITE_RECURSION = YES;
				CLANG_WARN_INT_CONVERSION = YES;
				CLANG_WARN_NON_LITERAL_NULL_CONVERSION = YES;
				CLANG_WARN_OBJC_IMPLICIT_RETAIN_SELF = YES;
				CLANG_WARN_OBJC_LITERAL_CONVERSION = YES;
				CLANG_WARN_OBJC_ROOT_CLASS = YES_ERROR;
				CLANG_WARN_QUOTED_INCLUDE_IN_FRAMEWORK_HEADER = YES;
				CLANG_WARN_RANGE_LOOP_ANALYSIS = YES;
				CLANG_WARN_STRICT_PROTOTYPES = YES;
				CLANG_WARN_SUSPICIOUS_MOVE = YES;
				CLANG_WARN_UNGUARDED_AVAILABILITY = YES_AGGRESSIVE;
				CLANG_WARN_UNREACHABLE_CODE = YES;
				CLANG_WARN__DUPLICATE_METHOD_MATCH = YES;
				COPY_PHASE_STRIP = NO;
				DEBUG_INFORMATION_FORMAT = "dwarf-with-dsym";
				ENABLE_NS_ASSERTIONS = NO;
				ENABLE_STRICT_OBJC_MSGSEND = YES;
				GCC_C_LANGUAGE_STANDARD = gnu11;
				GCC_NO_COMMON_BLOCKS = YES;
				GCC_WARN_64_TO_32_BIT_CONVERSION = YES;
				GCC_WARN_ABOUT_RETURN_TYPE = YES_ERROR;
				GCC_WARN_UNDECLARED_SELECTOR = YES;
				GCC_WARN_UNINITIALIZED_AUTOS = YES_AGGRESSIVE;
				GCC_WARN_UNUSED_FUNCTION = YES;
				GCC_WARN_UNUSED_VARIABLE = YES;
				IPHONEOS_DEPLOYMENT_TARGET = 16.4;
				MTL_ENABLE_DEBUG_INFO = NO;
				MTL_FAST_MATH = YES;
				SDKROOT = iphoneos;
				SWIFT_COMPILATION_MODE = wholemodule;
				SWIFT_OPTIMIZATION_LEVEL = "-O";
				VALIDATE_PRODUCT = YES;
			};
			name = Release;
		};
		35C1D3432A1B4BB5005B7184 /* Debug */ = {
			isa = XCBuildConfiguration;
			buildSettings = {
				ASSETCATALOG_COMPILER_APPICON_NAME = AppIcon;
				ASSETCATALOG_COMPILER_GLOBAL_ACCENT_COLOR_NAME = AccentColor;
				CODE_SIGN_ENTITLEMENTS = TakoWalkAmin/TakoWalkAmin.entitlements;
				CODE_SIGN_STYLE = Automatic;
				CURRENT_PROJECT_VERSION = 1;
				DEVELOPMENT_ASSET_PATHS = "\"TakoWalkAmin/Preview Content\"";
				DEVELOPMENT_TEAM = 24B56P5WZ9;
				ENABLE_PREVIEWS = YES;
				GENERATE_INFOPLIST_FILE = YES;
				INFOPLIST_KEY_NSHealthShareUsageDescription = "TakoWalk membutuhkan akses data steps dari aplikasi Health kamu untuk mencatat progress dan score kamu pada aplikasi";
				INFOPLIST_KEY_NSHealthUpdateUsageDescription = "TakoWalk membutuhkan akses data steps dari aplikasi Health kamu untuk mencatat progress dan score kamu pada aplikasi.";
				INFOPLIST_KEY_UIApplicationSceneManifest_Generation = YES;
				INFOPLIST_KEY_UIApplicationSupportsIndirectInputEvents = YES;
				INFOPLIST_KEY_UILaunchScreen_Generation = YES;
				INFOPLIST_KEY_UISupportedInterfaceOrientations_iPad = "UIInterfaceOrientationPortrait UIInterfaceOrientationPortraitUpsideDown UIInterfaceOrientationLandscapeLeft UIInterfaceOrientationLandscapeRight";
				INFOPLIST_KEY_UISupportedInterfaceOrientations_iPhone = "UIInterfaceOrientationPortrait UIInterfaceOrientationLandscapeLeft UIInterfaceOrientationLandscapeRight";
				LD_RUNPATH_SEARCH_PATHS = (
					"$(inherited)",
					"@executable_path/Frameworks",
				);
				MARKETING_VERSION = 1.0;
				PRODUCT_BUNDLE_IDENTIFIER = TakoWalk;
				PRODUCT_NAME = "$(TARGET_NAME)";
				SWIFT_EMIT_LOC_STRINGS = YES;
				SWIFT_VERSION = 5.0;
				TARGETED_DEVICE_FAMILY = "1,2";
			};
			name = Debug;
		};
		35C1D3442A1B4BB5005B7184 /* Release */ = {
			isa = XCBuildConfiguration;
			buildSettings = {
				ASSETCATALOG_COMPILER_APPICON_NAME = AppIcon;
				ASSETCATALOG_COMPILER_GLOBAL_ACCENT_COLOR_NAME = AccentColor;
				CODE_SIGN_ENTITLEMENTS = TakoWalkAmin/TakoWalkAmin.entitlements;
				CODE_SIGN_STYLE = Automatic;
				CURRENT_PROJECT_VERSION = 1;
				DEVELOPMENT_ASSET_PATHS = "\"TakoWalkAmin/Preview Content\"";
				DEVELOPMENT_TEAM = 24B56P5WZ9;
				ENABLE_PREVIEWS = YES;
				GENERATE_INFOPLIST_FILE = YES;
				INFOPLIST_KEY_NSHealthShareUsageDescription = "TakoWalk membutuhkan akses data steps dari aplikasi Health kamu untuk mencatat progress dan score kamu pada aplikasi";
				INFOPLIST_KEY_NSHealthUpdateUsageDescription = "TakoWalk membutuhkan akses data steps dari aplikasi Health kamu untuk mencatat progress dan score kamu pada aplikasi.";
				INFOPLIST_KEY_UIApplicationSceneManifest_Generation = YES;
				INFOPLIST_KEY_UIApplicationSupportsIndirectInputEvents = YES;
				INFOPLIST_KEY_UILaunchScreen_Generation = YES;
				INFOPLIST_KEY_UISupportedInterfaceOrientations_iPad = "UIInterfaceOrientationPortrait UIInterfaceOrientationPortraitUpsideDown UIInterfaceOrientationLandscapeLeft UIInterfaceOrientationLandscapeRight";
				INFOPLIST_KEY_UISupportedInterfaceOrientations_iPhone = "UIInterfaceOrientationPortrait UIInterfaceOrientationLandscapeLeft UIInterfaceOrientationLandscapeRight";
				LD_RUNPATH_SEARCH_PATHS = (
					"$(inherited)",
					"@executable_path/Frameworks",
				);
				MARKETING_VERSION = 1.0;
				PRODUCT_BUNDLE_IDENTIFIER = TakoWalk;
				PRODUCT_NAME = "$(TARGET_NAME)";
				SWIFT_EMIT_LOC_STRINGS = YES;
				SWIFT_VERSION = 5.0;
				TARGETED_DEVICE_FAMILY = "1,2";
			};
			name = Release;
		};
/* End XCBuildConfiguration section */

/* Begin XCConfigurationList section */
		35C1D32A2A1B4BB4005B7184 /* Build configuration list for PBXProject "TakoWalkAmin" */ = {
			isa = XCConfigurationList;
			buildConfigurations = (
				35C1D3402A1B4BB5005B7184 /* Debug */,
				35C1D3412A1B4BB5005B7184 /* Release */,
			);
			defaultConfigurationIsVisible = 0;
			defaultConfigurationName = Release;
		};
		35C1D3422A1B4BB5005B7184 /* Build configuration list for PBXNativeTarget "TakoWalkAmin" */ = {
			isa = XCConfigurationList;
			buildConfigurations = (
				35C1D3432A1B4BB5005B7184 /* Debug */,
				35C1D3442A1B4BB5005B7184 /* Release */,
			);
			defaultConfigurationIsVisible = 0;
			defaultConfigurationName = Release;
		};
/* End XCConfigurationList section */

/* Begin XCVersionGroup section */
		35C1D33D2A1B4BB5005B7184 /* TakoWalkAmin.xcdatamodeld */ = {
			isa = XCVersionGroup;
			children = (
				35C1D33E2A1B4BB5005B7184 /* TakoWalkAmin.xcdatamodel */,
			);
			currentVersion = 35C1D33E2A1B4BB5005B7184 /* TakoWalkAmin.xcdatamodel */;
			path = TakoWalkAmin.xcdatamodeld;
			sourceTree = "<group>";
			versionGroupType = wrapper.xcdatamodel;
		};
/* End XCVersionGroup section */
	};
	rootObject = 35C1D3272A1B4BB4005B7184 /* Project object */;
}
